
Microsoft Visual Studio Solution File, Format Version 12.00
# Visual Studio Version 17
VisualStudioVersion = 17.3.32929.385
MinimumVisualStudioVersion = 10.0.40219.1
Project("{FAE04EC0-301F-11D3-BF4B-00C04F79EFBC}") = "WebApplication1", "WebApplication1\WebApplication1.csproj", "{CA961630-8FF9-45E9-959F-8EFA7504C934}"
EndProject
Global
	GlobalSection(SolutionConfigurationPlatforms) = preSolution
		Debug|Any CPU = Debug|Any CPU
		Release|Any CPU = Release|Any CPU
	EndGlobalSection
	GlobalSection(ProjectConfigurationPlatforms) = postSolution
		{CA961630-8FF9-45E9-959F-8EFA7504C934}.Debug|Any CPU.ActiveCfg = Debug|Any CPU
		{CA961630-8FF9-45E9-959F-8EFA7504C934}.Debug|Any CPU.Build.0 = Debug|Any CPU
		{CA961630-8FF9-45E9-959F-8EFA7504C934}.Release|Any CPU.ActiveCfg = Release|Any CPU
		{CA961630-8FF9-45E9-959F-8EFA7504C934}.Release|Any CPU.Build.0 = Release|Any CPU
	EndGlobalSection
	GlobalSection(SolutionProperties) = preSolution
		HideSolutionNode = FALSE
	EndGlobalSection
	GlobalSection(ExtensibilityGlobals) = postSolution
		SolutionGuid = {F5356559-F1A4-45D4-80EA-C9CB22072498}
	EndGlobalSection
EndGlobal
